
Microsoft Visual Studio Solution File, Format Version 12.00
# Visual Studio Version 16
VisualStudioVersion = 16.0.31005.135
MinimumVisualStudioVersion = 10.0.40219.1
Project("{9A19103F-16F7-4668-BE54-9A1E7A4F7556}") = "ScoreCalculator.EF", "ScoreCalculator\ScoreCalculator.Common\ScoreCalculator.EF.csproj", "{F08876C3-3A72-4216-8AE4-338C2F3A101C}"
EndProject
Project("{9A19103F-16F7-4668-BE54-9A1E7A4F7556}") = "ScoreCalculator.BL", "..\ScoreCalculator.BL\ScoreCalculator.BL.csproj", "{0E9390D0-DF20-4E2B-81E4-D9055BAEB35A}"
EndProject
Project("{9A19103F-16F7-4668-BE54-9A1E7A4F7556}") = "ScoreDataClient", "Sources\gRpcTest1\ScoreDataClient.csproj", "{6288A498-15E2-4B94-9F42-7D1D5D8744B6}"
EndProject
Project("{9A19103F-16F7-4668-BE54-9A1E7A4F7556}") = "ScoreManagerService", "Sources\gRpcClient\ScoreManagerService.csproj", "{019FF649-2525-4AB0-8789-AFA2CC33483F}"
EndProject
Project("{9A19103F-16F7-4668-BE54-9A1E7A4F7556}") = "GameScoreEmulator", "Sources\GameScoreEmulator\GameScoreEmulator.csproj", "{1997B5DF-BD6A-413D-BCF1-DE59D09A844D}"
EndProject
Project("{2150E333-8FDC-42A3-9474-1A3956D46DE8}") = "Solution Items", "Solution Items", "{4D5F5F78-A982-4015-956E-FA3F04CB75EE}"
	ProjectSection(SolutionItems) = preProject
		.editorconfig = .editorconfig
	EndProjectSection
EndProject
Global
	GlobalSection(SolutionConfigurationPlatforms) = preSolution
		Debug|Any CPU = Debug|Any CPU
		Release|Any CPU = Release|Any CPU
	EndGlobalSection
	GlobalSection(ProjectConfigurationPlatforms) = postSolution
		{F08876C3-3A72-4216-8AE4-338C2F3A101C}.Debug|Any CPU.ActiveCfg = Debug|Any CPU
		{F08876C3-3A72-4216-8AE4-338C2F3A101C}.Debug|Any CPU.Build.0 = Debug|Any CPU
		{F08876C3-3A72-4216-8AE4-338C2F3A101C}.Release|Any CPU.ActiveCfg = Release|Any CPU
		{F08876C3-3A72-4216-8AE4-338C2F3A101C}.Release|Any CPU.Build.0 = Release|Any CPU
		{0E9390D0-DF20-4E2B-81E4-D9055BAEB35A}.Debug|Any CPU.ActiveCfg = Debug|Any CPU
		{0E9390D0-DF20-4E2B-81E4-D9055BAEB35A}.Debug|Any CPU.Build.0 = Debug|Any CPU
		{0E9390D0-DF20-4E2B-81E4-D9055BAEB35A}.Release|Any CPU.ActiveCfg = Release|Any CPU
		{0E9390D0-DF20-4E2B-81E4-D9055BAEB35A}.Release|Any CPU.Build.0 = Release|Any CPU
		{6288A498-15E2-4B94-9F42-7D1D5D8744B6}.Debug|Any CPU.ActiveCfg = Debug|Any CPU
		{6288A498-15E2-4B94-9F42-7D1D5D8744B6}.Debug|Any CPU.Build.0 = Debug|Any CPU
		{6288A498-15E2-4B94-9F42-7D1D5D8744B6}.Release|Any CPU.ActiveCfg = Release|Any CPU
		{6288A498-15E2-4B94-9F42-7D1D5D8744B6}.Release|Any CPU.Build.0 = Release|Any CPU
		{019FF649-2525-4AB0-8789-AFA2CC33483F}.Debug|Any CPU.ActiveCfg = Debug|Any CPU
		{019FF649-2525-4AB0-8789-AFA2CC33483F}.Debug|Any CPU.Build.0 = Debug|Any CPU
		{019FF649-2525-4AB0-8789-AFA2CC33483F}.Release|Any CPU.ActiveCfg = Release|Any CPU
		{019FF649-2525-4AB0-8789-AFA2CC33483F}.Release|Any CPU.Build.0 = Release|Any CPU
		{1997B5DF-BD6A-413D-BCF1-DE59D09A844D}.Debug|Any CPU.ActiveCfg = Debug|Any CPU
		{1997B5DF-BD6A-413D-BCF1-DE59D09A844D}.Debug|Any CPU.Build.0 = Debug|Any CPU
		{1997B5DF-BD6A-413D-BCF1-DE59D09A844D}.Release|Any CPU.ActiveCfg = Release|Any CPU
		{1997B5DF-BD6A-413D-BCF1-DE59D09A844D}.Release|Any CPU.Build.0 = Release|Any CPU
	EndGlobalSection
	GlobalSection(SolutionProperties) = preSolution
		HideSolutionNode = FALSE
	EndGlobalSection
	GlobalSection(ExtensibilityGlobals) = postSolution
		SolutionGuid = {294BF5A7-A289-433D-B730-79F5779BE632}
	EndGlobalSection
EndGlobal
